
Microsoft Visual Studio Solution File, Format Version 12.00
# Visual Studio Version 16
VisualStudioVersion = 16.0.30114.105
MinimumVisualStudioVersion = 10.0.40219.1
Project("{FAE04EC0-301F-11D3-BF4B-00C04F79EFBC}") = "GrpcDemoServer", "GrpcDemoServer\GrpcDemoServer.csproj", "{3EBE9A04-F6AD-49E9-8484-181DFF0D3FF9}"
EndProject
Project("{FAE04EC0-301F-11D3-BF4B-00C04F79EFBC}") = "GrpcDemoClient", "GrpcDemoClient\GrpcDemoClient.csproj", "{F5B57BF6-9F4D-4D82-A009-FDFC55157238}"
EndProject
Project("{2150E333-8FDC-42A3-9474-1A3956D46DE8}") = "tests", "tests", "{1B8F339F-23A0-4550-83DC-FE4FC256AD67}"
EndProject
Project("{FAE04EC0-301F-11D3-BF4B-00C04F79EFBC}") = "GrpcDemoServerTest", "tests\GrpcDemoServerTest\GrpcDemoServerTest.csproj", "{976E2807-CA3D-4A79-B2A3-81BDB0A02224}"
EndProject
Global
	GlobalSection(SolutionConfigurationPlatforms) = preSolution
		Debug|Any CPU = Debug|Any CPU
		Debug|x64 = Debug|x64
		Debug|x86 = Debug|x86
		Release|Any CPU = Release|Any CPU
		Release|x64 = Release|x64
		Release|x86 = Release|x86
	EndGlobalSection
	GlobalSection(SolutionProperties) = preSolution
		HideSolutionNode = FALSE
	EndGlobalSection
	GlobalSection(ProjectConfigurationPlatforms) = postSolution
		{3EBE9A04-F6AD-49E9-8484-181DFF0D3FF9}.Debug|Any CPU.ActiveCfg = Debug|Any CPU
		{3EBE9A04-F6AD-49E9-8484-181DFF0D3FF9}.Debug|Any CPU.Build.0 = Debug|Any CPU
		{3EBE9A04-F6AD-49E9-8484-181DFF0D3FF9}.Debug|x64.ActiveCfg = Debug|Any CPU
		{3EBE9A04-F6AD-49E9-8484-181DFF0D3FF9}.Debug|x64.Build.0 = Debug|Any CPU
		{3EBE9A04-F6AD-49E9-8484-181DFF0D3FF9}.Debug|x86.ActiveCfg = Debug|Any CPU
		{3EBE9A04-F6AD-49E9-8484-181DFF0D3FF9}.Debug|x86.Build.0 = Debug|Any CPU
		{3EBE9A04-F6AD-49E9-8484-181DFF0D3FF9}.Release|Any CPU.ActiveCfg = Release|Any CPU
		{3EBE9A04-F6AD-49E9-8484-181DFF0D3FF9}.Release|Any CPU.Build.0 = Release|Any CPU
		{3EBE9A04-F6AD-49E9-8484-181DFF0D3FF9}.Release|x64.ActiveCfg = Release|Any CPU
		{3EBE9A04-F6AD-49E9-8484-181DFF0D3FF9}.Release|x64.Build.0 = Release|Any CPU
		{3EBE9A04-F6AD-49E9-8484-181DFF0D3FF9}.Release|x86.ActiveCfg = Release|Any CPU
		{3EBE9A04-F6AD-49E9-8484-181DFF0D3FF9}.Release|x86.Build.0 = Release|Any CPU
		{F5B57BF6-9F4D-4D82-A009-FDFC55157238}.Debug|Any CPU.ActiveCfg = Debug|Any CPU
		{F5B57BF6-9F4D-4D82-A009-FDFC55157238}.Debug|Any CPU.Build.0 = Debug|Any CPU
		{F5B57BF6-9F4D-4D82-A009-FDFC55157238}.Debug|x64.ActiveCfg = Debug|Any CPU
		{F5B57BF6-9F4D-4D82-A009-FDFC55157238}.Debug|x64.Build.0 = Debug|Any CPU
		{F5B57BF6-9F4D-4D82-A009-FDFC55157238}.Debug|x86.ActiveCfg = Debug|Any CPU
		{F5B57BF6-9F4D-4D82-A009-FDFC55157238}.Debug|x86.Build.0 = Debug|Any CPU
		{F5B57BF6-9F4D-4D82-A009-FDFC55157238}.Release|Any CPU.ActiveCfg = Release|Any CPU
		{F5B57BF6-9F4D-4D82-A009-FDFC55157238}.Release|Any CPU.Build.0 = Release|Any CPU
		{F5B57BF6-9F4D-4D82-A009-FDFC55157238}.Release|x64.ActiveCfg = Release|Any CPU
		{F5B57BF6-9F4D-4D82-A009-FDFC55157238}.Release|x64.Build.0 = Release|Any CPU
		{F5B57BF6-9F4D-4D82-A009-FDFC55157238}.Release|x86.ActiveCfg = Release|Any CPU
		{F5B57BF6-9F4D-4D82-A009-FDFC55157238}.Release|x86.Build.0 = Release|Any CPU
		{976E2807-CA3D-4A79-B2A3-81BDB0A02224}.Debug|Any CPU.ActiveCfg = Debug|Any CPU
		{976E2807-CA3D-4A79-B2A3-81BDB0A02224}.Debug|Any CPU.Build.0 = Debug|Any CPU
		{976E2807-CA3D-4A79-B2A3-81BDB0A02224}.Debug|x64.ActiveCfg = Debug|Any CPU
		{976E2807-CA3D-4A79-B2A3-81BDB0A02224}.Debug|x64.Build.0 = Debug|Any CPU
		{976E2807-CA3D-4A79-B2A3-81BDB0A02224}.Debug|x86.ActiveCfg = Debug|Any CPU
		{976E2807-CA3D-4A79-B2A3-81BDB0A02224}.Debug|x86.Build.0 = Debug|Any CPU
		{976E2807-CA3D-4A79-B2A3-81BDB0A02224}.Release|Any CPU.ActiveCfg = Release|Any CPU
		{976E2807-CA3D-4A79-B2A3-81BDB0A02224}.Release|Any CPU.Build.0 = Release|Any CPU
		{976E2807-CA3D-4A79-B2A3-81BDB0A02224}.Release|x64.ActiveCfg = Release|Any CPU
		{976E2807-CA3D-4A79-B2A3-81BDB0A02224}.Release|x64.Build.0 = Release|Any CPU
		{976E2807-CA3D-4A79-B2A3-81BDB0A02224}.Release|x86.ActiveCfg = Release|Any CPU
		{976E2807-CA3D-4A79-B2A3-81BDB0A02224}.Release|x86.Build.0 = Release|Any CPU
	EndGlobalSection
	GlobalSection(NestedProjects) = preSolution
		{976E2807-CA3D-4A79-B2A3-81BDB0A02224} = {1B8F339F-23A0-4550-83DC-FE4FC256AD67}
	EndGlobalSection
EndGlobal
